// !$*UTF8*$!
{
	archiveVersion = 1;
	classes = {
	};
	objectVersion = 50;
	objects = {

/* Begin PBXBuildFile section */
		BB278AD127A3BBD0006625F1 /* AppDelegate.swift in Sources */ = {isa = PBXBuildFile; fileRef = BB278AD027A3BBD0006625F1 /* AppDelegate.swift */; };
		BB278AD327A3BBD0006625F1 /* SceneDelegate.swift in Sources */ = {isa = PBXBuildFile; fileRef = BB278AD227A3BBD0006625F1 /* SceneDelegate.swift */; };
		BB278AD527A3BBD0006625F1 /* ContentView.swift in Sources */ = {isa = PBXBuildFile; fileRef = BB278AD427A3BBD0006625F1 /* ContentView.swift */; };
		BB278AD727A3BBD4006625F1 /* Assets.xcassets in Resources */ = {isa = PBXBuildFile; fileRef = BB278AD627A3BBD4006625F1 /* Assets.xcassets */; };
		BB278ADA27A3BBD4006625F1 /* Preview Assets.xcassets in Resources */ = {isa = PBXBuildFile; fileRef = BB278AD927A3BBD4006625F1 /* Preview Assets.xcassets */; };
		BB278ADD27A3BBD4006625F1 /* LaunchScreen.storyboard in Resources */ = {isa = PBXBuildFile; fileRef = BB278ADB27A3BBD4006625F1 /* LaunchScreen.storyboard */; };
		BB278B0227A3BE91006625F1 /* NetworkManager.swift in Sources */ = {isa = PBXBuildFile; fileRef = BB278B0127A3BE91006625F1 /* NetworkManager.swift */; };
		BB278B0427A3BF81006625F1 /* PostData.swift in Sources */ = {isa = PBXBuildFile; fileRef = BB278B0327A3BF81006625F1 /* PostData.swift */; };
		BBAD1CDB28FE68DC0089B4DA /* header.png in Resources */ = {isa = PBXBuildFile; fileRef = BBAD1CDA28FE68DC0089B4DA /* header.png */; };
		BBEA6BEF28FE5C14002F911C /* WebView.swift in Sources */ = {isa = PBXBuildFile; fileRef = BBEA6BEE28FE5C14002F911C /* WebView.swift */; };
		BBEA6BF128FE5C3D002F911C /* DetailView.swift in Sources */ = {isa = PBXBuildFile; fileRef = BBEA6BF028FE5C3D002F911C /* DetailView.swift */; };
/* End PBXBuildFile section */

/* Begin PBXContainerItemProxy section */
		BB278AE427A3BBD5006625F1 /* PBXContainerItemProxy */ = {
			isa = PBXContainerItemProxy;
			containerPortal = BB278AC527A3BBCF006625F1 /* Project object */;
			proxyType = 1;
			remoteGlobalIDString = BB278ACC27A3BBD0006625F1;
			remoteInfo = "H4x0R News";
		};
		BB278AEF27A3BBD5006625F1 /* PBXContainerItemProxy */ = {
			isa = PBXContainerItemProxy;
			containerPortal = BB278AC527A3BBCF006625F1 /* Project object */;
			proxyType = 1;
			remoteGlobalIDString = BB278ACC27A3BBD0006625F1;
			remoteInfo = "H4x0R News";
		};
/* End PBXContainerItemProxy section */

/* Begin PBXFileReference section */
		BB278ACD27A3BBD0006625F1 /* H4x0R News.app */ = {isa = PBXFileReference; explicitFileType = wrapper.application; includeInIndex = 0; path = "H4x0R News.app"; sourceTree = BUILT_PRODUCTS_DIR; };
		BB278AD027A3BBD0006625F1 /* AppDelegate.swift */ = {isa = PBXFileReference; lastKnownFileType = sourcecode.swift; path = AppDelegate.swift; sourceTree = "<group>"; };
		BB278AD227A3BBD0006625F1 /* SceneDelegate.swift */ = {isa = PBXFileReference; lastKnownFileType = sourcecode.swift; path = SceneDelegate.swift; sourceTree = "<group>"; };
		BB278AD427A3BBD0006625F1 /* ContentView.swift */ = {isa = PBXFileReference; lastKnownFileType = sourcecode.swift; path = ContentView.swift; sourceTree = "<group>"; };
		BB278AD627A3BBD4006625F1 /* Assets.xcassets */ = {isa = PBXFileReference; lastKnownFileType = folder.assetcatalog; path = Assets.xcassets; sourceTree = "<group>"; };
		BB278AD927A3BBD4006625F1 /* Preview Assets.xcassets */ = {isa = PBXFileReference; lastKnownFileType = folder.assetcatalog; path = "Preview Assets.xcassets"; sourceTree = "<group>"; };
		BB278ADC27A3BBD4006625F1 /* Base */ = {isa = PBXFileReference; lastKnownFileType = file.storyboard; name = Base; path = Base.lproj/LaunchScreen.storyboard; sourceTree = "<group>"; };
		BB278ADE27A3BBD4006625F1 /* Info.plist */ = {isa = PBXFileReference; lastKnownFileType = text.plist.xml; path = Info.plist; sourceTree = "<group>"; };
		BB278AE327A3BBD5006625F1 /* H4x0R NewsTests.xctest */ = {isa = PBXFileReference; explicitFileType = wrapper.cfbundle; includeInIndex = 0; path = "H4x0R NewsTests.xctest"; sourceTree = BUILT_PRODUCTS_DIR; };
		BB278AEE27A3BBD5006625F1 /* H4x0R NewsUITests.xctest */ = {isa = PBXFileReference; explicitFileType = wrapper.cfbundle; includeInIndex = 0; path = "H4x0R NewsUITests.xctest"; sourceTree = BUILT_PRODUCTS_DIR; };
		BB278B0127A3BE91006625F1 /* NetworkManager.swift */ = {isa = PBXFileReference; lastKnownFileType = sourcecode.swift; path = NetworkManager.swift; sourceTree = "<group>"; };
		BB278B0327A3BF81006625F1 /* PostData.swift */ = {isa = PBXFileReference; lastKnownFileType = sourcecode.swift; path = PostData.swift; sourceTree = "<group>"; };
		BBAD1CD928FE64BC0089B4DA /* README.md */ = {isa = PBXFileReference; lastKnownFileType = net.daringfireball.markdown; path = README.md; sourceTree = "<group>"; };
		BBAD1CDA28FE68DC0089B4DA /* header.png */ = {isa = PBXFileReference; lastKnownFileType = image.png; path = header.png; sourceTree = "<group>"; };
		BBEA6BEE28FE5C14002F911C /* WebView.swift */ = {isa = PBXFileReference; lastKnownFileType = sourcecode.swift; path = WebView.swift; sourceTree = "<group>"; };
		BBEA6BF028FE5C3D002F911C /* DetailView.swift */ = {isa = PBXFileReference; lastKnownFileType = sourcecode.swift; path = DetailView.swift; sourceTree = "<group>"; };
/* End PBXFileReference section */

/* Begin PBXFrameworksBuildPhase section */
		BB278ACA27A3BBD0006625F1 /* Frameworks */ = {
			isa = PBXFrameworksBuildPhase;
			buildActionMask = 2147483647;
			files = (
			);
			runOnlyForDeploymentPostprocessing = 0;
		};
		BB278AE027A3BBD5006625F1 /* Frameworks */ = {
			isa = PBXFrameworksBuildPhase;
			buildActionMask = 2147483647;
			files = (
			);
			runOnlyForDeploymentPostprocessing = 0;
		};
		BB278AEB27A3BBD5006625F1 /* Frameworks */ = {
			isa = PBXFrameworksBuildPhase;
			buildActionMask = 2147483647;
			files = (
			);
			runOnlyForDeploymentPostprocessing = 0;
		};
/* End PBXFrameworksBuildPhase section */

/* Begin PBXGroup section */
		BB278AC427A3BBCF006625F1 = {
			isa = PBXGroup;
			children = (
				BB278ACF27A3BBD0006625F1 /* H4x0R News */,
				BB278ACE27A3BBD0006625F1 /* Products */,
			);
			sourceTree = "<group>";
		};
		BB278ACE27A3BBD0006625F1 /* Products */ = {
			isa = PBXGroup;
			children = (
				BB278ACD27A3BBD0006625F1 /* H4x0R News.app */,
				BB278AE327A3BBD5006625F1 /* H4x0R NewsTests.xctest */,
				BB278AEE27A3BBD5006625F1 /* H4x0R NewsUITests.xctest */,
			);
			name = Products;
			sourceTree = "<group>";
		};
		BB278ACF27A3BBD0006625F1 /* H4x0R News */ = {
			isa = PBXGroup;
			children = (
				BBAD1CD828FE64820089B4DA /* Delegates */,
				BB278B0027A3BE7F006625F1 /* Models */,
				BBEA6BED28FE5BCB002F911C /* Views */,
				BB278AD627A3BBD4006625F1 /* Assets.xcassets */,
				BB278ADB27A3BBD4006625F1 /* LaunchScreen.storyboard */,
				BB278ADE27A3BBD4006625F1 /* Info.plist */,
				BB278AD827A3BBD4006625F1 /* Preview Content */,
				BBAD1CD928FE64BC0089B4DA /* README.md */,
				BBAD1CDA28FE68DC0089B4DA /* header.png */,
			);
			path = "H4x0R News";
			sourceTree = "<group>";
		};
		BB278AD827A3BBD4006625F1 /* Preview Content */ = {
			isa = PBXGroup;
			children = (
				BB278AD927A3BBD4006625F1 /* Preview Assets.xcassets */,
			);
			path = "Preview Content";
			sourceTree = "<group>";
		};
		BB278B0027A3BE7F006625F1 /* Models */ = {
			isa = PBXGroup;
			children = (
				BB278B0127A3BE91006625F1 /* NetworkManager.swift */,
				BB278B0327A3BF81006625F1 /* PostData.swift */,
			);
			path = Models;
			sourceTree = "<group>";
		};
		BBAD1CD828FE64820089B4DA /* Delegates */ = {
			isa = PBXGroup;
			children = (
				BB278AD027A3BBD0006625F1 /* AppDelegate.swift */,
				BB278AD227A3BBD0006625F1 /* SceneDelegate.swift */,
			);
			path = Delegates;
			sourceTree = "<group>";
		};
		BBEA6BED28FE5BCB002F911C /* Views */ = {
			isa = PBXGroup;
			children = (
				BB278AD427A3BBD0006625F1 /* ContentView.swift */,
				BBEA6BEE28FE5C14002F911C /* WebView.swift */,
				BBEA6BF028FE5C3D002F911C /* DetailView.swift */,
			);
			path = Views;
			sourceTree = "<group>";
		};
/* End PBXGroup section */

/* Begin PBXNativeTarget section */
		BB278ACC27A3BBD0006625F1 /* H4x0R News */ = {
			isa = PBXNativeTarget;
			buildConfigurationList = BB278AF727A3BBD5006625F1 /* Build configuration list for PBXNativeTarget "H4x0R News" */;
			buildPhases = (
				BB278AC927A3BBD0006625F1 /* Sources */,
				BB278ACA27A3BBD0006625F1 /* Frameworks */,
				BB278ACB27A3BBD0006625F1 /* Resources */,
			);
			buildRules = (
			);
			dependencies = (
			);
			name = "H4x0R News";
			productName = "H4x0R News";
			productReference = BB278ACD27A3BBD0006625F1 /* H4x0R News.app */;
			productType = "com.apple.product-type.application";
		};
		BB278AE227A3BBD5006625F1 /* H4x0R NewsTests */ = {
			isa = PBXNativeTarget;
			buildConfigurationList = BB278AFA27A3BBD5006625F1 /* Build configuration list for PBXNativeTarget "H4x0R NewsTests" */;
			buildPhases = (
				BB278ADF27A3BBD5006625F1 /* Sources */,
				BB278AE027A3BBD5006625F1 /* Frameworks */,
				BB278AE127A3BBD5006625F1 /* Resources */,
			);
			buildRules = (
			);
			dependencies = (
				BB278AE527A3BBD5006625F1 /* PBXTargetDependency */,
			);
			name = "H4x0R NewsTests";
			productName = "H4x0R NewsTests";
			productReference = BB278AE327A3BBD5006625F1 /* H4x0R NewsTests.xctest */;
			productType = "com.apple.product-type.bundle.unit-test";
		};
		BB278AED27A3BBD5006625F1 /* H4x0R NewsUITests */ = {
			isa = PBXNativeTarget;
			buildConfigurationList = BB278AFD27A3BBD5006625F1 /* Build configuration list for PBXNativeTarget "H4x0R NewsUITests" */;
			buildPhases = (
				BB278AEA27A3BBD5006625F1 /* Sources */,
				BB278AEB27A3BBD5006625F1 /* Frameworks */,
				BB278AEC27A3BBD5006625F1 /* Resources */,
			);
			buildRules = (
			);
			dependencies = (
				BB278AF027A3BBD5006625F1 /* PBXTargetDependency */,
			);
			name = "H4x0R NewsUITests";
			productName = "H4x0R NewsUITests";
			productReference = BB278AEE27A3BBD5006625F1 /* H4x0R NewsUITests.xctest */;
			productType = "com.apple.product-type.bundle.ui-testing";
		};
/* End PBXNativeTarget section */

/* Begin PBXProject section */
		BB278AC527A3BBCF006625F1 /* Project object */ = {
			isa = PBXProject;
			attributes = {
				LastSwiftUpdateCheck = 1250;
				LastUpgradeCheck = 1250;
				TargetAttributes = {
					BB278ACC27A3BBD0006625F1 = {
						CreatedOnToolsVersion = 12.5.1;
					};
					BB278AE227A3BBD5006625F1 = {
						CreatedOnToolsVersion = 12.5.1;
						TestTargetID = BB278ACC27A3BBD0006625F1;
					};
					BB278AED27A3BBD5006625F1 = {
						CreatedOnToolsVersion = 12.5.1;
						TestTargetID = BB278ACC27A3BBD0006625F1;
					};
				};
			};
			buildConfigurationList = BB278AC827A3BBD0006625F1 /* Build configuration list for PBXProject "H4x0R News" */;
			compatibilityVersion = "Xcode 9.3";
			developmentRegion = en;
			hasScannedForEncodings = 0;
			knownRegions = (
				en,
				Base,
			);
			mainGroup = BB278AC427A3BBCF006625F1;
			productRefGroup = BB278ACE27A3BBD0006625F1 /* Products */;
			projectDirPath = "";
			projectRoot = "";
			targets = (
				BB278ACC27A3BBD0006625F1 /* H4x0R News */,
				BB278AE227A3BBD5006625F1 /* H4x0R NewsTests */,
				BB278AED27A3BBD5006625F1 /* H4x0R NewsUITests */,
			);
		};
/* End PBXProject section */

/* Begin PBXResourcesBuildPhase section */
		BB278ACB27A3BBD0006625F1 /* Resources */ = {
			isa = PBXResourcesBuildPhase;
			buildActionMask = 2147483647;
			files = (
				BB278ADD27A3BBD4006625F1 /* LaunchScreen.storyboard in Resources */,
				BB278ADA27A3BBD4006625F1 /* Preview Assets.xcassets in Resources */,
				BBAD1CDB28FE68DC0089B4DA /* header.png in Resources */,
				BB278AD727A3BBD4006625F1 /* Assets.xcassets in Resources */,
			);
			runOnlyForDeploymentPostprocessing = 0;
		};
		BB278AE127A3BBD5006625F1 /* Resources */ = {
			isa = PBXResourcesBuildPhase;
			buildActionMask = 2147483647;
			files = (
			);
			runOnlyForDeploymentPostprocessing = 0;
		};
		BB278AEC27A3BBD5006625F1 /* Resources */ = {
			isa = PBXResourcesBuildPhase;
			buildActionMask = 2147483647;
			files = (
			);
			runOnlyForDeploymentPostprocessing = 0;
		};
/* End PBXResourcesBuildPhase section */

/* Begin PBXSourcesBuildPhase section */
		BB278AC927A3BBD0006625F1 /* Sources */ = {
			isa = PBXSourcesBuildPhase;
			buildActionMask = 2147483647;
			files = (
				BB278B0427A3BF81006625F1 /* PostData.swift in Sources */,
				BB278B0227A3BE91006625F1 /* NetworkManager.swift in Sources */,
				BB278AD127A3BBD0006625F1 /* AppDelegate.swift in Sources */,
				BBEA6BF128FE5C3D002F911C /* DetailView.swift in Sources */,
				BBEA6BEF28FE5C14002F911C /* WebView.swift in Sources */,
				BB278AD327A3BBD0006625F1 /* SceneDelegate.swift in Sources */,
				BB278AD527A3BBD0006625F1 /* ContentView.swift in Sources */,
			);
			runOnlyForDeploymentPostprocessing = 0;
		};
		BB278ADF27A3BBD5006625F1 /* Sources */ = {
			isa = PBXSourcesBuildPhase;
			buildActionMask = 2147483647;
			files = (
			);
			runOnlyForDeploymentPostprocessing = 0;
		};
		BB278AEA27A3BBD5006625F1 /* Sources */ = {
			isa = PBXSourcesBuildPhase;
			buildActionMask = 2147483647;
			files = (
			);
			runOnlyForDeploymentPostprocessing = 0;
		};
/* End PBXSourcesBuildPhase section */

/* Begin PBXTargetDependency section */
		BB278AE527A3BBD5006625F1 /* PBXTargetDependency */ = {
			isa = PBXTargetDependency;
			target = BB278ACC27A3BBD0006625F1 /* H4x0R News */;
			targetProxy = BB278AE427A3BBD5006625F1 /* PBXContainerItemProxy */;
		};
		BB278AF027A3BBD5006625F1 /* PBXTargetDependency */ = {
			isa = PBXTargetDependency;
			target = BB278ACC27A3BBD0006625F1 /* H4x0R News */;
			targetProxy = BB278AEF27A3BBD5006625F1 /* PBXContainerItemProxy */;
		};
/* End PBXTargetDependency section */

/* Begin PBXVariantGroup section */
		BB278ADB27A3BBD4006625F1 /* LaunchScreen.storyboard */ = {
			isa = PBXVariantGroup;
			children = (
				BB278ADC27A3BBD4006625F1 /* Base */,
			);
			name = LaunchScreen.storyboard;
			sourceTree = "<group>";
		};
/* End PBXVariantGroup section */

/* Begin XCBuildConfiguration section */
		BB278AF527A3BBD5006625F1 /* Debug */ = {
			isa = XCBuildConfiguration;
			buildSettings = {
				ALWAYS_SEARCH_USER_PATHS = NO;
				CLANG_ANALYZER_NONNULL = YES;
				CLANG_ANALYZER_NUMBER_OBJECT_CONVERSION = YES_AGGRESSIVE;
				CLANG_CXX_LANGUAGE_STANDARD = "gnu++14";
				CLANG_CXX_LIBRARY = "libc++";
				CLANG_ENABLE_MODULES = YES;
				CLANG_ENABLE_OBJC_ARC = YES;
				CLANG_ENABLE_OBJC_WEAK = YES;
				CLANG_WARN_BLOCK_CAPTURE_AUTORELEASING = YES;
				CLANG_WARN_BOOL_CONVERSION = YES;
				CLANG_WARN_COMMA = YES;
				CLANG_WARN_CONSTANT_CONVERSION = YES;
				CLANG_WARN_DEPRECATED_OBJC_IMPLEMENTATIONS = YES;
				CLANG_WARN_DIRECT_OBJC_ISA_USAGE = YES_ERROR;
				CLANG_WARN_DOCUMENTATION_COMMENTS = YES;
				CLANG_WARN_EMPTY_BODY = YES;
				CLANG_WARN_ENUM_CONVERSION = YES;
				CLANG_WARN_INFINITE_RECURSION = YES;
				CLANG_WARN_INT_CONVERSION = YES;
				CLANG_WARN_NON_LITERAL_NULL_CONVERSION = YES;
				CLANG_WARN_OBJC_IMPLICIT_RETAIN_SELF = YES;
				CLANG_WARN_OBJC_LITERAL_CONVERSION = YES;
				CLANG_WARN_OBJC_ROOT_CLASS = YES_ERROR;
				CLANG_WARN_QUOTED_INCLUDE_IN_FRAMEWORK_HEADER = YES;
				CLANG_WARN_RANGE_LOOP_ANALYSIS = YES;
				CLANG_WARN_STRICT_PROTOTYPES = YES;
				CLANG_WARN_SUSPICIOUS_MOVE = YES;
				CLANG_WARN_UNGUARDED_AVAILABILITY = YES_AGGRESSIVE;
				CLANG_WARN_UNREACHABLE_CODE = YES;
				CLANG_WARN__DUPLICATE_METHOD_MATCH = YES;
				COPY_PHASE_STRIP = NO;
				DEBUG_INFORMATION_FORMAT = dwarf;
				ENABLE_STRICT_OBJC_MSGSEND = YES;
				ENABLE_TESTABILITY = YES;
				GCC_C_LANGUAGE_STANDARD = gnu11;
				GCC_DYNAMIC_NO_PIC = NO;
				GCC_NO_COMMON_BLOCKS = YES;
				GCC_OPTIMIZATION_LEVEL = 0;
				GCC_PREPROCESSOR_DEFINITIONS = (
					"DEBUG=1",
					"$(inherited)",
				);
				GCC_WARN_64_TO_32_BIT_CONVERSION = YES;
				GCC_WARN_ABOUT_RETURN_TYPE = YES_ERROR;
				GCC_WARN_UNDECLARED_SELECTOR = YES;
				GCC_WARN_UNINITIALIZED_AUTOS = YES_AGGRESSIVE;
				GCC_WARN_UNUSED_FUNCTION = YES;
				GCC_WARN_UNUSED_VARIABLE = YES;
				IPHONEOS_DEPLOYMENT_TARGET = 14.5;
				MTL_ENABLE_DEBUG_INFO = INCLUDE_SOURCE;
				MTL_FAST_MATH = YES;
				ONLY_ACTIVE_ARCH = YES;
				SDKROOT = iphoneos;
				SWIFT_ACTIVE_COMPILATION_CONDITIONS = DEBUG;
				SWIFT_OPTIMIZATION_LEVEL = "-Onone";
			};
			name = Debug;
		};
		BB278AF627A3BBD5006625F1 /* Release */ = {
			isa = XCBuildConfiguration;
			buildSettings = {
				ALWAYS_SEARCH_USER_PATHS = NO;
				CLANG_ANALYZER_NONNULL = YES;
				CLANG_ANALYZER_NUMBER_OBJECT_CONVERSION = YES_AGGRESSIVE;
				CLANG_CXX_LANGUAGE_STANDARD = "gnu++14";
				CLANG_CXX_LIBRARY = "libc++";
				CLANG_ENABLE_MODULES = YES;
				CLANG_ENABLE_OBJC_ARC = YES;
				CLANG_ENABLE_OBJC_WEAK = YES;
				CLANG_WARN_BLOCK_CAPTURE_AUTORELEASING = YES;
				CLANG_WARN_BOOL_CONVERSION = YES;
				CLANG_WARN_COMMA = YES;
				CLANG_WARN_CONSTANT_CONVERSION = YES;
				CLANG_WARN_DEPRECATED_OBJC_IMPLEMENTATIONS = YES;
				CLANG_WARN_DIRECT_OBJC_ISA_USAGE = YES_ERROR;
				CLANG_WARN_DOCUMENTATION_COMMENTS = YES;
				CLANG_WARN_EMPTY_BODY = YES;
				CLANG_WARN_ENUM_CONVERSION = YES;
				CLANG_WARN_INFINITE_RECURSION = YES;
				CLANG_WARN_INT_CONVERSION = YES;
				CLANG_WARN_NON_LITERAL_NULL_CONVERSION = YES;
				CLANG_WARN_OBJC_IMPLICIT_RETAIN_SELF = YES;
				CLANG_WARN_OBJC_LITERAL_CONVERSION = YES;
				CLANG_WARN_OBJC_ROOT_CLASS = YES_ERROR;
				CLANG_WARN_QUOTED_INCLUDE_IN_FRAMEWORK_HEADER = YES;
				CLANG_WARN_RANGE_LOOP_ANALYSIS = YES;
				CLANG_WARN_STRICT_PROTOTYPES = YES;
				CLANG_WARN_SUSPICIOUS_MOVE = YES;
				CLANG_WARN_UNGUARDED_AVAILABILITY = YES_AGGRESSIVE;
				CLANG_WARN_UNREACHABLE_CODE = YES;
				CLANG_WARN__DUPLICATE_METHOD_MATCH = YES;
				COPY_PHASE_STRIP = NO;
				DEBUG_INFORMATION_FORMAT = "dwarf-with-dsym";
				ENABLE_NS_ASSERTIONS = NO;
				ENABLE_STRICT_OBJC_MSGSEND = YES;
				GCC_C_LANGUAGE_STANDARD = gnu11;
				GCC_NO_COMMON_BLOCKS = YES;
				GCC_WARN_64_TO_32_BIT_CONVERSION = YES;
				GCC_WARN_ABOUT_RETURN_TYPE = YES_ERROR;
				GCC_WARN_UNDECLARED_SELECTOR = YES;
				GCC_WARN_UNINITIALIZED_AUTOS = YES_AGGRESSIVE;
				GCC_WARN_UNUSED_FUNCTION = YES;
				GCC_WARN_UNUSED_VARIABLE = YES;
				IPHONEOS_DEPLOYMENT_TARGET = 14.5;
				MTL_ENABLE_DEBUG_INFO = NO;
				MTL_FAST_MATH = YES;
				SDKROOT = iphoneos;
				SWIFT_COMPILATION_MODE = wholemodule;
				SWIFT_OPTIMIZATION_LEVEL = "-O";
				VALIDATE_PRODUCT = YES;
			};
			name = Release;
		};
		BB278AF827A3BBD5006625F1 /* Debug */ = {
			isa = XCBuildConfiguration;
			buildSettings = {
				ASSETCATALOG_COMPILER_APPICON_NAME = AppIcon;
				ASSETCATALOG_COMPILER_GLOBAL_ACCENT_COLOR_NAME = AccentColor;
				CODE_SIGN_STYLE = Automatic;
				DEVELOPMENT_ASSET_PATHS = "\"H4x0R News/Preview Content\"";
				ENABLE_PREVIEWS = YES;
				INFOPLIST_FILE = "H4x0R News/Info.plist";
				LD_RUNPATH_SEARCH_PATHS = (
					"$(inherited)",
					"@executable_path/Frameworks",
				);
				PRODUCT_BUNDLE_IDENTIFIER = "co.czeko.H4x0R-News";
				PRODUCT_NAME = "$(TARGET_NAME)";
				SWIFT_VERSION = 5.0;
				TARGETED_DEVICE_FAMILY = "1,2";
			};
			name = Debug;
		};
		BB278AF927A3BBD5006625F1 /* Release */ = {
			isa = XCBuildConfiguration;
			buildSettings = {
				ASSETCATALOG_COMPILER_APPICON_NAME = AppIcon;
				ASSETCATALOG_COMPILER_GLOBAL_ACCENT_COLOR_NAME = AccentColor;
				CODE_SIGN_STYLE = Automatic;
				DEVELOPMENT_ASSET_PATHS = "\"H4x0R News/Preview Content\"";
				ENABLE_PREVIEWS = YES;
				INFOPLIST_FILE = "H4x0R News/Info.plist";
				LD_RUNPATH_SEARCH_PATHS = (
					"$(inherited)",
					"@executable_path/Frameworks",
				);
				PRODUCT_BUNDLE_IDENTIFIER = "co.czeko.H4x0R-News";
				PRODUCT_NAME = "$(TARGET_NAME)";
				SWIFT_VERSION = 5.0;
				TARGETED_DEVICE_FAMILY = "1,2";
			};
			name = Release;
		};
		BB278AFB27A3BBD5006625F1 /* Debug */ = {
			isa = XCBuildConfiguration;
			buildSettings = {
				ALWAYS_EMBED_SWIFT_STANDARD_LIBRARIES = YES;
				BUNDLE_LOADER = "$(TEST_HOST)";
				CODE_SIGN_STYLE = Automatic;
				INFOPLIST_FILE = "H4x0R NewsTests/Info.plist";
				IPHONEOS_DEPLOYMENT_TARGET = 14.5;
				LD_RUNPATH_SEARCH_PATHS = (
					"$(inherited)",
					"@executable_path/Frameworks",
					"@loader_path/Frameworks",
				);
				PRODUCT_BUNDLE_IDENTIFIER = "co.czeko.H4x0R-NewsTests";
				PRODUCT_NAME = "$(TARGET_NAME)";
				SWIFT_VERSION = 5.0;
				TARGETED_DEVICE_FAMILY = "1,2";
				TEST_HOST = "$(BUILT_PRODUCTS_DIR)/H4x0R News.app/H4x0R News";
			};
			name = Debug;
		};
		BB278AFC27A3BBD5006625F1 /* Release */ = {
			isa = XCBuildConfiguration;
			buildSettings = {
				ALWAYS_EMBED_SWIFT_STANDARD_LIBRARIES = YES;
				BUNDLE_LOADER = "$(TEST_HOST)";
				CODE_SIGN_STYLE = Automatic;
				INFOPLIST_FILE = "H4x0R NewsTests/Info.plist";
				IPHONEOS_DEPLOYMENT_TARGET = 14.5;
				LD_RUNPATH_SEARCH_PATHS = (
					"$(inherited)",
					"@executable_path/Frameworks",
					"@loader_path/Frameworks",
				);
				PRODUCT_BUNDLE_IDENTIFIER = "co.czeko.H4x0R-NewsTests";
				PRODUCT_NAME = "$(TARGET_NAME)";
				SWIFT_VERSION = 5.0;
				TARGETED_DEVICE_FAMILY = "1,2";
				TEST_HOST = "$(BUILT_PRODUCTS_DIR)/H4x0R News.app/H4x0R News";
			};
			name = Release;
		};
		BB278AFE27A3BBD5006625F1 /* Debug */ = {
			isa = XCBuildConfiguration;
			buildSettings = {
				ALWAYS_EMBED_SWIFT_STANDARD_LIBRARIES = YES;
				CODE_SIGN_STYLE = Automatic;
				INFOPLIST_FILE = "H4x0R NewsUITests/Info.plist";
				LD_RUNPATH_SEARCH_PATHS = (
					"$(inherited)",
					"@executable_path/Frameworks",
					"@loader_path/Frameworks",
				);
				PRODUCT_BUNDLE_IDENTIFIER = "co.czeko.H4x0R-NewsUITests";
				PRODUCT_NAME = "$(TARGET_NAME)";
				SWIFT_VERSION = 5.0;
				TARGETED_DEVICE_FAMILY = "1,2";
				TEST_TARGET_NAME = "H4x0R News";
			};
			name = Debug;
		};
		BB278AFF27A3BBD5006625F1 /* Release */ = {
			isa = XCBuildConfiguration;
			buildSettings = {
				ALWAYS_EMBED_SWIFT_STANDARD_LIBRARIES = YES;
				CODE_SIGN_STYLE = Automatic;
				INFOPLIST_FILE = "H4x0R NewsUITests/Info.plist";
				LD_RUNPATH_SEARCH_PATHS = (
					"$(inherited)",
					"@executable_path/Frameworks",
					"@loader_path/Frameworks",
				);
				PRODUCT_BUNDLE_IDENTIFIER = "co.czeko.H4x0R-NewsUITests";
				PRODUCT_NAME = "$(TARGET_NAME)";
				SWIFT_VERSION = 5.0;
				TARGETED_DEVICE_FAMILY = "1,2";
				TEST_TARGET_NAME = "H4x0R News";
			};
			name = Release;
		};
/* End XCBuildConfiguration section */

/* Begin XCConfigurationList section */
		BB278AC827A3BBD0006625F1 /* Build configuration list for PBXProject "H4x0R News" */ = {
			isa = XCConfigurationList;
			buildConfigurations = (
				BB278AF527A3BBD5006625F1 /* Debug */,
				BB278AF627A3BBD5006625F1 /* Release */,
			);
			defaultConfigurationIsVisible = 0;
			defaultConfigurationName = Release;
		};
		BB278AF727A3BBD5006625F1 /* Build configuration list for PBXNativeTarget "H4x0R News" */ = {
			isa = XCConfigurationList;
			buildConfigurations = (
				BB278AF827A3BBD5006625F1 /* Debug */,
				BB278AF927A3BBD5006625F1 /* Release */,
			);
			defaultConfigurationIsVisible = 0;
			defaultConfigurationName = Release;
		};
		BB278AFA27A3BBD5006625F1 /* Build configuration list for PBXNativeTarget "H4x0R NewsTests" */ = {
			isa = XCConfigurationList;
			buildConfigurations = (
				BB278AFB27A3BBD5006625F1 /* Debug */,
				BB278AFC27A3BBD5006625F1 /* Release */,
			);
			defaultConfigurationIsVisible = 0;
			defaultConfigurationName = Release;
		};
		BB278AFD27A3BBD5006625F1 /* Build configuration list for PBXNativeTarget "H4x0R NewsUITests" */ = {
			isa = XCConfigurationList;
			buildConfigurations = (
				BB278AFE27A3BBD5006625F1 /* Debug */,
				BB278AFF27A3BBD5006625F1 /* Release */,
			);
			defaultConfigurationIsVisible = 0;
			defaultConfigurationName = Release;
		};
/* End XCConfigurationList section */
	};
	rootObject = BB278AC527A3BBCF006625F1 /* Project object */;
}
